{
  "requires": true,
  "lockfileVersion": 1,
  "dependencies": {
    "esbuild": {
      "version": "0.8.42",
      "resolved": "https://registry.npmjs.org/esbuild/-/esbuild-0.8.42.tgz",
      "integrity": "sha512-zUtj5RMqROCCCH0vV/a7cd8YQg8I0GWBhV3A3PklWRT+oM/YwVbnrtFnITzE1otGdnXplWHWdZ4OcYiV0PN+JQ==",
      "dev": true
    },
    "fsevents": {
      "version": "2.3.2",
      "resolved": "https://registry.npmjs.org/fsevents/-/fsevents-2.3.2.tgz",
      "integrity": "sha512-xiqMQR4xAeHTuB9uWm+fFRcIOgKBMiOBP+eXiyT7jsgVCq1bkVygt00oASowB7EdtpOHaaPgKt812P9ab+DDKA==",
      "dev": true,
      "optional": true
    },
    "is-docker": {
      "version": "2.1.1",
      "resolved": "https://registry.npmjs.org/is-docker/-/is-docker-2.1.1.tgz",
      "integrity": "sha512-ZOoqiXfEwtGknTiuDEy8pN2CfE3TxMHprvNer1mXiqwkOT77Rw3YVrUQ52EqAOU3QAWDQ+bQdx7HJzrv7LS2Hw==",
      "dev": true
    },
    "is-wsl": {
      "version": "2.2.0",
      "resolved": "https://registry.npmjs.org/is-wsl/-/is-wsl-2.2.0.tgz",
      "integrity": "sha512-fKzAra0rGJUUBwGBgNkHZuToZcn+TtXHpeCgmkMJMMYx1sQDYaCSyjJBSCa2nH1DGm7s3n1oBnohoVTBaN7Lww==",
      "dev": true,
      "requires": {
        "is-docker": "^2.0.0"
      }
    },
    "open": {
      "version": "7.4.0",
      "resolved": "https://registry.npmjs.org/open/-/open-7.4.0.tgz",
      "integrity": "sha512-PGoBCX/lclIWlpS/R2PQuIR4NJoXh6X5AwVzE7WXnWRGvHg7+4TBCgsujUgiPpm0K1y4qvQeWnCWVTpTKZBtvA==",
      "dev": true,
      "requires": {
        "is-docker": "^2.0.0",
        "is-wsl": "^2.1.1"
      }
    },
    "rollup": {
      "version": "2.38.5",
      "resolved": "https://registry.npmjs.org/rollup/-/rollup-2.38.5.tgz",
      "integrity": "sha512-VoWt8DysFGDVRGWuHTqZzT02J0ASgjVq/hPs9QcBOGMd7B+jfTr/iqMVEyOi901rE3xq+Deq66GzIT1yt7sGwQ==",
      "dev": true,
      "requires": {
        "fsevents": "~2.3.1"
      }
    },
    "snowpack": {
      "version": "3.0.11",
      "resolved": "https://registry.npmjs.org/snowpack/-/snowpack-3.0.11.tgz",
      "integrity": "sha512-lBxgkvWTgdg0szE31JUt01wQkA9Lnmm+6lxqeV9rxDfflpx7ASnldVHFvu7Se70QJmPTQB0UJjfKI+xmYGwiiQ==",
      "dev": true,
      "requires": {
        "esbuild": "^0.8.7",
        "fsevents": "^2.2.0",
        "open": "^7.0.4",
        "rollup": "^2.34.0"
      }
    }
  }
}
